
Microsoft Visual Studio Solution File, Format Version 12.00
# Visual Studio Version 17
VisualStudioVersion = 17.8.34330.188
MinimumVisualStudioVersion = 10.0.40219.1
Project("{9A19103F-16F7-4668-BE54-9A1E7A4F7556}") = "MediaRegister_WPF", "MediaRegister_WPF\MediaRegister_WPF.csproj", "{008D3667-10F2-41CD-B8C3-EA1262E2301E}"
EndProject
Project("{FAE04EC0-301F-11D3-BF4B-00C04F79EFBC}") = "MediaRegister.gRPC", "MediaRegister.gRPC\MediaRegister.gRPC.csproj", "{796E8848-93FE-4F2F-AE13-6F4E558E0ED7}"
EndProject
Global
	GlobalSection(SolutionConfigurationPlatforms) = preSolution
		Debug|Any CPU = Debug|Any CPU
		Release|Any CPU = Release|Any CPU
	EndGlobalSection
	GlobalSection(ProjectConfigurationPlatforms) = postSolution
		{008D3667-10F2-41CD-B8C3-EA1262E2301E}.Debug|Any CPU.ActiveCfg = Debug|Any CPU
		{008D3667-10F2-41CD-B8C3-EA1262E2301E}.Debug|Any CPU.Build.0 = Debug|Any CPU
		{008D3667-10F2-41CD-B8C3-EA1262E2301E}.Release|Any CPU.ActiveCfg = Release|Any CPU
		{008D3667-10F2-41CD-B8C3-EA1262E2301E}.Release|Any CPU.Build.0 = Release|Any CPU
		{796E8848-93FE-4F2F-AE13-6F4E558E0ED7}.Debug|Any CPU.ActiveCfg = Debug|Any CPU
		{796E8848-93FE-4F2F-AE13-6F4E558E0ED7}.Debug|Any CPU.Build.0 = Debug|Any CPU
		{796E8848-93FE-4F2F-AE13-6F4E558E0ED7}.Release|Any CPU.ActiveCfg = Release|Any CPU
		{796E8848-93FE-4F2F-AE13-6F4E558E0ED7}.Release|Any CPU.Build.0 = Release|Any CPU
	EndGlobalSection
	GlobalSection(SolutionProperties) = preSolution
		HideSolutionNode = FALSE
	EndGlobalSection
	GlobalSection(ExtensibilityGlobals) = postSolution
		SolutionGuid = {F024B288-6408-4D09-8A3E-723BB2FEA51D}
	EndGlobalSection
EndGlobal
